Microsoft Visual Studio Solution File, Format Version 12.00
# Visual Studio Version 17
VisualStudioVersion = 17.5.2.0
MinimumVisualStudioVersion = 10.0.40219.1
Project("{2150E333-8FDC-42A3-9474-1A3956D46DE8}") = "Code", "Code", "{314C6247-30EA-3492-19B6-DF847E3B326F}"
EndProject
Project("{FAE04EC0-301F-11D3-BF4B-00C04F79EFBC}") = "GiganticCoopAndBarn", "Code\GiganticCoopAndBarn.csproj", "{7031D425-FFE1-7AC1-1368-8FD2FF98AD6A}"
EndProject
Global
	GlobalSection(SolutionConfigurationPlatforms) = preSolution
		Debug|Any CPU = Debug|Any CPU
		Release|Any CPU = Release|Any CPU
	EndGlobalSection
	GlobalSection(ProjectConfigurationPlatforms) = postSolution
		{7031D425-FFE1-7AC1-1368-8FD2FF98AD6A}.Debug|Any CPU.ActiveCfg = Debug|Any CPU
		{7031D425-FFE1-7AC1-1368-8FD2FF98AD6A}.Debug|Any CPU.Build.0 = Debug|Any CPU
		{7031D425-FFE1-7AC1-1368-8FD2FF98AD6A}.Release|Any CPU.ActiveCfg = Release|Any CPU
		{7031D425-FFE1-7AC1-1368-8FD2FF98AD6A}.Release|Any CPU.Build.0 = Release|Any CPU
	EndGlobalSection
	GlobalSection(SolutionProperties) = preSolution
		HideSolutionNode = FALSE
	EndGlobalSection
	GlobalSection(NestedProjects) = preSolution
		{7031D425-FFE1-7AC1-1368-8FD2FF98AD6A} = {314C6247-30EA-3492-19B6-DF847E3B326F}
	EndGlobalSection
	GlobalSection(ExtensibilityGlobals) = postSolution
		SolutionGuid = {5171D081-00CE-4549-8E10-2355C35AD85E}
	EndGlobalSection
EndGlobal
